
Microsoft Visual Studio Solution File, Format Version 12.00
# Visual Studio Version 16
VisualStudioVersion = 16.0.30717.126
MinimumVisualStudioVersion = 10.0.40219.1
Project("{9A19103F-16F7-4668-BE54-9A1E7A4F7556}") = "LiveCoin.Net", "LiveCoin.Net\LiveCoin.Net.csproj", "{B4CC4D27-0769-4A96-BE53-1FCD879DF57C}"
EndProject
Project("{9A19103F-16F7-4668-BE54-9A1E7A4F7556}") = "LiveCoin.Net.UnitTests", "LiveCoin.Net.UnitTests\LiveCoin.Net.UnitTests.csproj", "{9A186897-EAF9-4EC7-A67D-2A8D3A69D8E4}"
EndProject
Global
	GlobalSection(SolutionConfigurationPlatforms) = preSolution
		Debug|Any CPU = Debug|Any CPU
		Release|Any CPU = Release|Any CPU
	EndGlobalSection
	GlobalSection(ProjectConfigurationPlatforms) = postSolution
		{B4CC4D27-0769-4A96-BE53-1FCD879DF57C}.Debug|Any CPU.ActiveCfg = Debug|Any CPU
		{B4CC4D27-0769-4A96-BE53-1FCD879DF57C}.Debug|Any CPU.Build.0 = Debug|Any CPU
		{B4CC4D27-0769-4A96-BE53-1FCD879DF57C}.Release|Any CPU.ActiveCfg = Release|Any CPU
		{B4CC4D27-0769-4A96-BE53-1FCD879DF57C}.Release|Any CPU.Build.0 = Release|Any CPU
		{9A186897-EAF9-4EC7-A67D-2A8D3A69D8E4}.Debug|Any CPU.ActiveCfg = Debug|Any CPU
		{9A186897-EAF9-4EC7-A67D-2A8D3A69D8E4}.Debug|Any CPU.Build.0 = Debug|Any CPU
		{9A186897-EAF9-4EC7-A67D-2A8D3A69D8E4}.Release|Any CPU.ActiveCfg = Release|Any CPU
		{9A186897-EAF9-4EC7-A67D-2A8D3A69D8E4}.Release|Any CPU.Build.0 = Release|Any CPU
	EndGlobalSection
	GlobalSection(SolutionProperties) = preSolution
		HideSolutionNode = FALSE
	EndGlobalSection
	GlobalSection(ExtensibilityGlobals) = postSolution
		SolutionGuid = {8C17D5AB-D3B2-40D3-87B7-04F2BF24DB32}
	EndGlobalSection
EndGlobal
